
Microsoft Visual Studio Solution File, Format Version 12.00
# Visual Studio 15
VisualStudioVersion = 15.0.26124.0
MinimumVisualStudioVersion = 15.0.26124.0
Project("{FAE04EC0-301F-11D3-BF4B-00C04F79EFBC}") = "Domain", "Domain\Domain.csproj", "{8A2880C9-F22D-441E-BC1A-A312A6F9DD7D}"
EndProject
Project("{FAE04EC0-301F-11D3-BF4B-00C04F79EFBC}") = "Application", "Application\Application.csproj", "{475C9EED-6BE5-467D-808B-18141DBD3CCB}"
EndProject
Project("{FAE04EC0-301F-11D3-BF4B-00C04F79EFBC}") = "Persistence", "Persistence\Persistence.csproj", "{8D810BC1-D347-400E-A967-13B28591DE1D}"
EndProject
Project("{FAE04EC0-301F-11D3-BF4B-00C04F79EFBC}") = "API", "API\API.csproj", "{60E6BEB7-656C-49A0-B6FC-0949E8E0AF6E}"
EndProject
Global
	GlobalSection(SolutionConfigurationPlatforms) = preSolution
		Debug|Any CPU = Debug|Any CPU
		Debug|x64 = Debug|x64
		Debug|x86 = Debug|x86
		Release|Any CPU = Release|Any CPU
		Release|x64 = Release|x64
		Release|x86 = Release|x86
	EndGlobalSection
	GlobalSection(SolutionProperties) = preSolution
		HideSolutionNode = FALSE
	EndGlobalSection
	GlobalSection(ProjectConfigurationPlatforms) = postSolution
		{8A2880C9-F22D-441E-BC1A-A312A6F9DD7D}.Debug|Any CPU.ActiveCfg = Debug|Any CPU
		{8A2880C9-F22D-441E-BC1A-A312A6F9DD7D}.Debug|Any CPU.Build.0 = Debug|Any CPU
		{8A2880C9-F22D-441E-BC1A-A312A6F9DD7D}.Debug|x64.ActiveCfg = Debug|Any CPU
		{8A2880C9-F22D-441E-BC1A-A312A6F9DD7D}.Debug|x64.Build.0 = Debug|Any CPU
		{8A2880C9-F22D-441E-BC1A-A312A6F9DD7D}.Debug|x86.ActiveCfg = Debug|Any CPU
		{8A2880C9-F22D-441E-BC1A-A312A6F9DD7D}.Debug|x86.Build.0 = Debug|Any CPU
		{8A2880C9-F22D-441E-BC1A-A312A6F9DD7D}.Release|Any CPU.ActiveCfg = Release|Any CPU
		{8A2880C9-F22D-441E-BC1A-A312A6F9DD7D}.Release|Any CPU.Build.0 = Release|Any CPU
		{8A2880C9-F22D-441E-BC1A-A312A6F9DD7D}.Release|x64.ActiveCfg = Release|Any CPU
		{8A2880C9-F22D-441E-BC1A-A312A6F9DD7D}.Release|x64.Build.0 = Release|Any CPU
		{8A2880C9-F22D-441E-BC1A-A312A6F9DD7D}.Release|x86.ActiveCfg = Release|Any CPU
		{8A2880C9-F22D-441E-BC1A-A312A6F9DD7D}.Release|x86.Build.0 = Release|Any CPU
		{475C9EED-6BE5-467D-808B-18141DBD3CCB}.Debug|Any CPU.ActiveCfg = Debug|Any CPU
		{475C9EED-6BE5-467D-808B-18141DBD3CCB}.Debug|Any CPU.Build.0 = Debug|Any CPU
		{475C9EED-6BE5-467D-808B-18141DBD3CCB}.Debug|x64.ActiveCfg = Debug|Any CPU
		{475C9EED-6BE5-467D-808B-18141DBD3CCB}.Debug|x64.Build.0 = Debug|Any CPU
		{475C9EED-6BE5-467D-808B-18141DBD3CCB}.Debug|x86.ActiveCfg = Debug|Any CPU
		{475C9EED-6BE5-467D-808B-18141DBD3CCB}.Debug|x86.Build.0 = Debug|Any CPU
		{475C9EED-6BE5-467D-808B-18141DBD3CCB}.Release|Any CPU.ActiveCfg = Release|Any CPU
		{475C9EED-6BE5-467D-808B-18141DBD3CCB}.Release|Any CPU.Build.0 = Release|Any CPU
		{475C9EED-6BE5-467D-808B-18141DBD3CCB}.Release|x64.ActiveCfg = Release|Any CPU
		{475C9EED-6BE5-467D-808B-18141DBD3CCB}.Release|x64.Build.0 = Release|Any CPU
		{475C9EED-6BE5-467D-808B-18141DBD3CCB}.Release|x86.ActiveCfg = Release|Any CPU
		{475C9EED-6BE5-467D-808B-18141DBD3CCB}.Release|x86.Build.0 = Release|Any CPU
		{8D810BC1-D347-400E-A967-13B28591DE1D}.Debug|Any CPU.ActiveCfg = Debug|Any CPU
		{8D810BC1-D347-400E-A967-13B28591DE1D}.Debug|Any CPU.Build.0 = Debug|Any CPU
		{8D810BC1-D347-400E-A967-13B28591DE1D}.Debug|x64.ActiveCfg = Debug|Any CPU
		{8D810BC1-D347-400E-A967-13B28591DE1D}.Debug|x64.Build.0 = Debug|Any CPU
		{8D810BC1-D347-400E-A967-13B28591DE1D}.Debug|x86.ActiveCfg = Debug|Any CPU
		{8D810BC1-D347-400E-A967-13B28591DE1D}.Debug|x86.Build.0 = Debug|Any CPU
		{8D810BC1-D347-400E-A967-13B28591DE1D}.Release|Any CPU.ActiveCfg = Release|Any CPU
		{8D810BC1-D347-400E-A967-13B28591DE1D}.Release|Any CPU.Build.0 = Release|Any CPU
		{8D810BC1-D347-400E-A967-13B28591DE1D}.Release|x64.ActiveCfg = Release|Any CPU
		{8D810BC1-D347-400E-A967-13B28591DE1D}.Release|x64.Build.0 = Release|Any CPU
		{8D810BC1-D347-400E-A967-13B28591DE1D}.Release|x86.ActiveCfg = Release|Any CPU
		{8D810BC1-D347-400E-A967-13B28591DE1D}.Release|x86.Build.0 = Release|Any CPU
		{60E6BEB7-656C-49A0-B6FC-0949E8E0AF6E}.Debug|Any CPU.ActiveCfg = Debug|Any CPU
		{60E6BEB7-656C-49A0-B6FC-0949E8E0AF6E}.Debug|Any CPU.Build.0 = Debug|Any CPU
		{60E6BEB7-656C-49A0-B6FC-0949E8E0AF6E}.Debug|x64.ActiveCfg = Debug|Any CPU
		{60E6BEB7-656C-49A0-B6FC-0949E8E0AF6E}.Debug|x64.Build.0 = Debug|Any CPU
		{60E6BEB7-656C-49A0-B6FC-0949E8E0AF6E}.Debug|x86.ActiveCfg = Debug|Any CPU
		{60E6BEB7-656C-49A0-B6FC-0949E8E0AF6E}.Debug|x86.Build.0 = Debug|Any CPU
		{60E6BEB7-656C-49A0-B6FC-0949E8E0AF6E}.Release|Any CPU.ActiveCfg = Release|Any CPU
		{60E6BEB7-656C-49A0-B6FC-0949E8E0AF6E}.Release|Any CPU.Build.0 = Release|Any CPU
		{60E6BEB7-656C-49A0-B6FC-0949E8E0AF6E}.Release|x64.ActiveCfg = Release|Any CPU
		{60E6BEB7-656C-49A0-B6FC-0949E8E0AF6E}.Release|x64.Build.0 = Release|Any CPU
		{60E6BEB7-656C-49A0-B6FC-0949E8E0AF6E}.Release|x86.ActiveCfg = Release|Any CPU
		{60E6BEB7-656C-49A0-B6FC-0949E8E0AF6E}.Release|x86.Build.0 = Release|Any CPU
	EndGlobalSection
EndGlobal
